// !$*UTF8*$!
{
	archiveVersion = 1;
	classes = {
	};
	objectVersion = 50;
	objects = {

/* Begin PBXBuildFile section */
		C33B373523F5869B00BEB4E7 /* AppDelegate.swift in Sources */ = {isa = PBXBuildFile; fileRef = C33B373423F5869B00BEB4E7 /* AppDelegate.swift */; };
		C33B373723F5869B00BEB4E7 /* SceneDelegate.swift in Sources */ = {isa = PBXBuildFile; fileRef = C33B373623F5869B00BEB4E7 /* SceneDelegate.swift */; };
		C33B373923F5869B00BEB4E7 /* ViewController.swift in Sources */ = {isa = PBXBuildFile; fileRef = C33B373823F5869B00BEB4E7 /* ViewController.swift */; };
		C33B373C23F5869B00BEB4E7 /* Main.storyboard in Resources */ = {isa = PBXBuildFile; fileRef = C33B373A23F5869B00BEB4E7 /* Main.storyboard */; };
		C33B373E23F586B600BEB4E7 /* Assets.xcassets in Resources */ = {isa = PBXBuildFile; fileRef = C33B373D23F586B600BEB4E7 /* Assets.xcassets */; };
		C33B374123F586B600BEB4E7 /* LaunchScreen.storyboard in Resources */ = {isa = PBXBuildFile; fileRef = C33B373F23F586B600BEB4E7 /* LaunchScreen.storyboard */; };
		C33B374C23F586B800BEB4E7 /* LocalNotificationTests.swift in Sources */ = {isa = PBXBuildFile; fileRef = C33B374B23F586B800BEB4E7 /* LocalNotificationTests.swift */; };
		C33B375823F58C9500BEB4E7 /* Dream1.jpg in Resources */ = {isa = PBXBuildFile; fileRef = C33B375723F58C9500BEB4E7 /* Dream1.jpg */; };
		C33B375A23F5926700BEB4E7 /* inflicted.m4r in Resources */ = {isa = PBXBuildFile; fileRef = C33B375923F5926700BEB4E7 /* inflicted.m4r */; };
/* End PBXBuildFile section */

/* Begin PBXContainerItemProxy section */
		C33B374823F586B800BEB4E7 /* PBXContainerItemProxy */ = {
			isa = PBXContainerItemProxy;
			containerPortal = C33B372923F5869B00BEB4E7 /* Project object */;
			proxyType = 1;
			remoteGlobalIDString = C33B373023F5869B00BEB4E7;
			remoteInfo = LocalNotification;
		};
/* End PBXContainerItemProxy section */

/* Begin PBXFileReference section */
		C33B373123F5869B00BEB4E7 /* LocalNotification.app */ = {isa = PBXFileReference; explicitFileType = wrapper.application; includeInIndex = 0; path = LocalNotification.app; sourceTree = BUILT_PRODUCTS_DIR; };
		C33B373423F5869B00BEB4E7 /* AppDelegate.swift */ = {isa = PBXFileReference; lastKnownFileType = sourcecode.swift; path = AppDelegate.swift; sourceTree = "<group>"; };
		C33B373623F5869B00BEB4E7 /* SceneDelegate.swift */ = {isa = PBXFileReference; lastKnownFileType = sourcecode.swift; path = SceneDelegate.swift; sourceTree = "<group>"; };
		C33B373823F5869B00BEB4E7 /* ViewController.swift */ = {isa = PBXFileReference; lastKnownFileType = sourcecode.swift; path = ViewController.swift; sourceTree = "<group>"; };
		C33B373B23F5869B00BEB4E7 /* Base */ = {isa = PBXFileReference; lastKnownFileType = file.storyboard; name = Base; path = Base.lproj/Main.storyboard; sourceTree = "<group>"; };
		C33B373D23F586B600BEB4E7 /* Assets.xcassets */ = {isa = PBXFileReference; lastKnownFileType = folder.assetcatalog; path = Assets.xcassets; sourceTree = "<group>"; };
		C33B374023F586B600BEB4E7 /* Base */ = {isa = PBXFileReference; lastKnownFileType = file.storyboard; name = Base; path = Base.lproj/LaunchScreen.storyboard; sourceTree = "<group>"; };
		C33B374223F586B600BEB4E7 /* Info.plist */ = {isa = PBXFileReference; lastKnownFileType = text.plist.xml; path = Info.plist; sourceTree = "<group>"; };
		C33B374723F586B800BEB4E7 /* LocalNotificationTests.xctest */ = {isa = PBXFileReference; explicitFileType = wrapper.cfbundle; includeInIndex = 0; path = LocalNotificationTests.xctest; sourceTree = BUILT_PRODUCTS_DIR; };
		C33B374B23F586B800BEB4E7 /* LocalNotificationTests.swift */ = {isa = PBXFileReference; lastKnownFileType = sourcecode.swift; path = LocalNotificationTests.swift; sourceTree = "<group>"; };
		C33B374D23F586B800BEB4E7 /* Info.plist */ = {isa = PBXFileReference; lastKnownFileType = text.plist.xml; path = Info.plist; sourceTree = "<group>"; };
		C33B375623F586DC00BEB4E7 /* LocalNotification.entitlements */ = {isa = PBXFileReference; lastKnownFileType = text.plist.entitlements; path = LocalNotification.entitlements; sourceTree = "<group>"; };
		C33B375723F58C9500BEB4E7 /* Dream1.jpg */ = {isa = PBXFileReference; lastKnownFileType = image.jpeg; path = Dream1.jpg; sourceTree = "<group>"; };
		C33B375923F5926700BEB4E7 /* inflicted.m4r */ = {isa = PBXFileReference; lastKnownFileType = file; path = inflicted.m4r; sourceTree = "<group>"; };
/* End PBXFileReference section */

/* Begin PBXFrameworksBuildPhase section */
		C33B372E23F5869B00BEB4E7 /* Frameworks */ = {
			isa = PBXFrameworksBuildPhase;
			buildActionMask = 2147483647;
			files = (
			);
			runOnlyForDeploymentPostprocessing = 0;
		};
		C33B374423F586B800BEB4E7 /* Frameworks */ = {
			isa = PBXFrameworksBuildPhase;
			buildActionMask = 2147483647;
			files = (
			);
			runOnlyForDeploymentPostprocessing = 0;
		};
/* End PBXFrameworksBuildPhase section */

/* Begin PBXGroup section */
		C33B372823F5869B00BEB4E7 = {
			isa = PBXGroup;
			children = (
				C33B373323F5869B00BEB4E7 /* LocalNotification */,
				C33B374A23F586B800BEB4E7 /* LocalNotificationTests */,
				C33B373223F5869B00BEB4E7 /* Products */,
			);
			sourceTree = "<group>";
		};
		C33B373223F5869B00BEB4E7 /* Products */ = {
			isa = PBXGroup;
			children = (
				C33B373123F5869B00BEB4E7 /* LocalNotification.app */,
				C33B374723F586B800BEB4E7 /* LocalNotificationTests.xctest */,
			);
			name = Products;
			sourceTree = "<group>";
		};
		C33B373323F5869B00BEB4E7 /* LocalNotification */ = {
			isa = PBXGroup;
			children = (
				C33B375623F586DC00BEB4E7 /* LocalNotification.entitlements */,
				C33B373423F5869B00BEB4E7 /* AppDelegate.swift */,
				C33B373623F5869B00BEB4E7 /* SceneDelegate.swift */,
				C33B373823F5869B00BEB4E7 /* ViewController.swift */,
				C33B375723F58C9500BEB4E7 /* Dream1.jpg */,
				C33B375923F5926700BEB4E7 /* inflicted.m4r */,
				C33B373A23F5869B00BEB4E7 /* Main.storyboard */,
				C33B373D23F586B600BEB4E7 /* Assets.xcassets */,
				C33B373F23F586B600BEB4E7 /* LaunchScreen.storyboard */,
				C33B374223F586B600BEB4E7 /* Info.plist */,
			);
			path = LocalNotification;
			sourceTree = "<group>";
		};
		C33B374A23F586B800BEB4E7 /* LocalNotificationTests */ = {
			isa = PBXGroup;
			children = (
				C33B374B23F586B800BEB4E7 /* LocalNotificationTests.swift */,
				C33B374D23F586B800BEB4E7 /* Info.plist */,
			);
			path = LocalNotificationTests;
			sourceTree = "<group>";
		};
/* End PBXGroup section */

/* Begin PBXNativeTarget section */
		C33B373023F5869B00BEB4E7 /* LocalNotification */ = {
			isa = PBXNativeTarget;
			buildConfigurationList = C33B375023F586B800BEB4E7 /* Build configuration list for PBXNativeTarget "LocalNotification" */;
			buildPhases = (
				C33B372D23F5869B00BEB4E7 /* Sources */,
				C33B372E23F5869B00BEB4E7 /* Frameworks */,
				C33B372F23F5869B00BEB4E7 /* Resources */,
			);
			buildRules = (
			);
			dependencies = (
			);
			name = LocalNotification;
			productName = LocalNotification;
			productReference = C33B373123F5869B00BEB4E7 /* LocalNotification.app */;
			productType = "com.apple.product-type.application";
		};
		C33B374623F586B800BEB4E7 /* LocalNotificationTests */ = {
			isa = PBXNativeTarget;
			buildConfigurationList = C33B375323F586B800BEB4E7 /* Build configuration list for PBXNativeTarget "LocalNotificationTests" */;
			buildPhases = (
				C33B374323F586B800BEB4E7 /* Sources */,
				C33B374423F586B800BEB4E7 /* Frameworks */,
				C33B374523F586B800BEB4E7 /* Resources */,
			);
			buildRules = (
			);
			dependencies = (
				C33B374923F586B800BEB4E7 /* PBXTargetDependency */,
			);
			name = LocalNotificationTests;
			productName = LocalNotificationTests;
			productReference = C33B374723F586B800BEB4E7 /* LocalNotificationTests.xctest */;
			productType = "com.apple.product-type.bundle.unit-test";
		};
/* End PBXNativeTarget section */

/* Begin PBXProject section */
		C33B372923F5869B00BEB4E7 /* Project object */ = {
			isa = PBXProject;
			attributes = {
				LastSwiftUpdateCheck = 1130;
				LastUpgradeCheck = 1130;
				ORGANIZATIONNAME = MAC0008;
				TargetAttributes = {
					C33B373023F5869B00BEB4E7 = {
						CreatedOnToolsVersion = 11.3.1;
					};
					C33B374623F586B800BEB4E7 = {
						CreatedOnToolsVersion = 11.3.1;
						TestTargetID = C33B373023F5869B00BEB4E7;
					};
				};
			};
			buildConfigurationList = C33B372C23F5869B00BEB4E7 /* Build configuration list for PBXProject "LocalNotification" */;
			compatibilityVersion = "Xcode 9.3";
			developmentRegion = en;
			hasScannedForEncodings = 0;
			knownRegions = (
				en,
				Base,
			);
			mainGroup = C33B372823F5869B00BEB4E7;
			productRefGroup = C33B373223F5869B00BEB4E7 /* Products */;
			projectDirPath = "";
			projectRoot = "";
			targets = (
				C33B373023F5869B00BEB4E7 /* LocalNotification */,
				C33B374623F586B800BEB4E7 /* LocalNotificationTests */,
			);
		};
/* End PBXProject section */

/* Begin PBXResourcesBuildPhase section */
		C33B372F23F5869B00BEB4E7 /* Resources */ = {
			isa = PBXResourcesBuildPhase;
			buildActionMask = 2147483647;
			files = (
				C33B374123F586B600BEB4E7 /* LaunchScreen.storyboard in Resources */,
				C33B373E23F586B600BEB4E7 /* Assets.xcassets in Resources */,
				C33B373C23F5869B00BEB4E7 /* Main.storyboard in Resources */,
				C33B375823F58C9500BEB4E7 /* Dream1.jpg in Resources */,
				C33B375A23F5926700BEB4E7 /* inflicted.m4r in Resources */,
			);
			runOnlyForDeploymentPostprocessing = 0;
		};
		C33B374523F586B800BEB4E7 /* Resources */ = {
			isa = PBXResourcesBuildPhase;
			buildActionMask = 2147483647;
			files = (
			);
			runOnlyForDeploymentPostprocessing = 0;
		};
/* End PBXResourcesBuildPhase section */

/* Begin PBXSourcesBuildPhase section */
		C33B372D23F5869B00BEB4E7 /* Sources */ = {
			isa = PBXSourcesBuildPhase;
			buildActionMask = 2147483647;
			files = (
				C33B373923F5869B00BEB4E7 /* ViewController.swift in Sources */,
				C33B373523F5869B00BEB4E7 /* AppDelegate.swift in Sources */,
				C33B373723F5869B00BEB4E7 /* SceneDelegate.swift in Sources */,
			);
			runOnlyForDeploymentPostprocessing = 0;
		};
		C33B374323F586B800BEB4E7 /* Sources */ = {
			isa = PBXSourcesBuildPhase;
			buildActionMask = 2147483647;
			files = (
				C33B374C23F586B800BEB4E7 /* LocalNotificationTests.swift in Sources */,
			);
			runOnlyForDeploymentPostprocessing = 0;
		};
/* End PBXSourcesBuildPhase section */

/* Begin PBXTargetDependency section */
		C33B374923F586B800BEB4E7 /* PBXTargetDependency */ = {
			isa = PBXTargetDependency;
			target = C33B373023F5869B00BEB4E7 /* LocalNotification */;
			targetProxy = C33B374823F586B800BEB4E7 /* PBXContainerItemProxy */;
		};
/* End PBXTargetDependency section */

/* Begin PBXVariantGroup section */
		C33B373A23F5869B00BEB4E7 /* Main.storyboard */ = {
			isa = PBXVariantGroup;
			children = (
				C33B373B23F5869B00BEB4E7 /* Base */,
			);
			name = Main.storyboard;
			sourceTree = "<group>";
		};
		C33B373F23F586B600BEB4E7 /* LaunchScreen.storyboard */ = {
			isa = PBXVariantGroup;
			children = (
				C33B374023F586B600BEB4E7 /* Base */,
			);
			name = LaunchScreen.storyboard;
			sourceTree = "<group>";
		};
/* End PBXVariantGroup section */

/* Begin XCBuildConfiguration section */
		C33B374E23F586B800BEB4E7 /* Debug */ = {
			isa = XCBuildConfiguration;
			buildSettings = {
				ALWAYS_SEARCH_USER_PATHS = NO;
				CLANG_ANALYZER_NONNULL = YES;
				CLANG_ANALYZER_NUMBER_OBJECT_CONVERSION = YES_AGGRESSIVE;
				CLANG_CXX_LANGUAGE_STANDARD = "gnu++14";
				CLANG_CXX_LIBRARY = "libc++";
				CLANG_ENABLE_MODULES = YES;
				CLANG_ENABLE_OBJC_ARC = YES;
				CLANG_ENABLE_OBJC_WEAK = YES;
				CLANG_WARN_BLOCK_CAPTURE_AUTORELEASING = YES;
				CLANG_WARN_BOOL_CONVERSION = YES;
				CLANG_WARN_COMMA = YES;
				CLANG_WARN_CONSTANT_CONVERSION = YES;
				CLANG_WARN_DEPRECATED_OBJC_IMPLEMENTATIONS = YES;
				CLANG_WARN_DIRECT_OBJC_ISA_USAGE = YES_ERROR;
				CLANG_WARN_DOCUMENTATION_COMMENTS = YES;
				CLANG_WARN_EMPTY_BODY = YES;
				CLANG_WARN_ENUM_CONVERSION = YES;
				CLANG_WARN_INFINITE_RECURSION = YES;
				CLANG_WARN_INT_CONVERSION = YES;
				CLANG_WARN_NON_LITERAL_NULL_CONVERSION = YES;
				CLANG_WARN_OBJC_IMPLICIT_RETAIN_SELF = YES;
				CLANG_WARN_OBJC_LITERAL_CONVERSION = YES;
				CLANG_WARN_OBJC_ROOT_CLASS = YES_ERROR;
				CLANG_WARN_RANGE_LOOP_ANALYSIS = YES;
				CLANG_WARN_STRICT_PROTOTYPES = YES;
				CLANG_WARN_SUSPICIOUS_MOVE = YES;
				CLANG_WARN_UNGUARDED_AVAILABILITY = YES_AGGRESSIVE;
				CLANG_WARN_UNREACHABLE_CODE = YES;
				CLANG_WARN__DUPLICATE_METHOD_MATCH = YES;
				COPY_PHASE_STRIP = NO;
				DEBUG_INFORMATION_FORMAT = dwarf;
				ENABLE_STRICT_OBJC_MSGSEND = YES;
				ENABLE_TESTABILITY = YES;
				GCC_C_LANGUAGE_STANDARD = gnu11;
				GCC_DYNAMIC_NO_PIC = NO;
				GCC_NO_COMMON_BLOCKS = YES;
				GCC_OPTIMIZATION_LEVEL = 0;
				GCC_PREPROCESSOR_DEFINITIONS = (
					"DEBUG=1",
					"$(inherited)",
				);
				GCC_WARN_64_TO_32_BIT_CONVERSION = YES;
				GCC_WARN_ABOUT_RETURN_TYPE = YES_ERROR;
				GCC_WARN_UNDECLARED_SELECTOR = YES;
				GCC_WARN_UNINITIALIZED_AUTOS = YES_AGGRESSIVE;
				GCC_WARN_UNUSED_FUNCTION = YES;
				GCC_WARN_UNUSED_VARIABLE = YES;
				IPHONEOS_DEPLOYMENT_TARGET = 13.2;
				MTL_ENABLE_DEBUG_INFO = INCLUDE_SOURCE;
				MTL_FAST_MATH = YES;
				ONLY_ACTIVE_ARCH = YES;
				SDKROOT = iphoneos;
				SWIFT_ACTIVE_COMPILATION_CONDITIONS = DEBUG;
				SWIFT_OPTIMIZATION_LEVEL = "-Onone";
			};
			name = Debug;
		};
		C33B374F23F586B800BEB4E7 /* Release */ = {
			isa = XCBuildConfiguration;
			buildSettings = {
				ALWAYS_SEARCH_USER_PATHS = NO;
				CLANG_ANALYZER_NONNULL = YES;
				CLANG_ANALYZER_NUMBER_OBJECT_CONVERSION = YES_AGGRESSIVE;
				CLANG_CXX_LANGUAGE_STANDARD = "gnu++14";
				CLANG_CXX_LIBRARY = "libc++";
				CLANG_ENABLE_MODULES = YES;
				CLANG_ENABLE_OBJC_ARC = YES;
				CLANG_ENABLE_OBJC_WEAK = YES;
				CLANG_WARN_BLOCK_CAPTURE_AUTORELEASING = YES;
				CLANG_WARN_BOOL_CONVERSION = YES;
				CLANG_WARN_COMMA = YES;
				CLANG_WARN_CONSTANT_CONVERSION = YES;
				CLANG_WARN_DEPRECATED_OBJC_IMPLEMENTATIONS = YES;
				CLANG_WARN_DIRECT_OBJC_ISA_USAGE = YES_ERROR;
				CLANG_WARN_DOCUMENTATION_COMMENTS = YES;
				CLANG_WARN_EMPTY_BODY = YES;
				CLANG_WARN_ENUM_CONVERSION = YES;
				CLANG_WARN_INFINITE_RECURSION = YES;
				CLANG_WARN_INT_CONVERSION = YES;
				CLANG_WARN_NON_LITERAL_NULL_CONVERSION = YES;
				CLANG_WARN_OBJC_IMPLICIT_RETAIN_SELF = YES;
				CLANG_WARN_OBJC_LITERAL_CONVERSION = YES;
				CLANG_WARN_OBJC_ROOT_CLASS = YES_ERROR;
				CLANG_WARN_RANGE_LOOP_ANALYSIS = YES;
				CLANG_WARN_STRICT_PROTOTYPES = YES;
				CLANG_WARN_SUSPICIOUS_MOVE = YES;
				CLANG_WARN_UNGUARDED_AVAILABILITY = YES_AGGRESSIVE;
				CLANG_WARN_UNREACHABLE_CODE = YES;
				CLANG_WARN__DUPLICATE_METHOD_MATCH = YES;
				COPY_PHASE_STRIP = NO;
				DEBUG_INFORMATION_FORMAT = "dwarf-with-dsym";
				ENABLE_NS_ASSERTIONS = NO;
				ENABLE_STRICT_OBJC_MSGSEND = YES;
				GCC_C_LANGUAGE_STANDARD = gnu11;
				GCC_NO_COMMON_BLOCKS = YES;
				GCC_WARN_64_TO_32_BIT_CONVERSION = YES;
				GCC_WARN_ABOUT_RETURN_TYPE = YES_ERROR;
				GCC_WARN_UNDECLARED_SELECTOR = YES;
				GCC_WARN_UNINITIALIZED_AUTOS = YES_AGGRESSIVE;
				GCC_WARN_UNUSED_FUNCTION = YES;
				GCC_WARN_UNUSED_VARIABLE = YES;
				IPHONEOS_DEPLOYMENT_TARGET = 13.2;
				MTL_ENABLE_DEBUG_INFO = NO;
				MTL_FAST_MATH = YES;
				SDKROOT = iphoneos;
				SWIFT_COMPILATION_MODE = wholemodule;
				SWIFT_OPTIMIZATION_LEVEL = "-O";
				VALIDATE_PRODUCT = YES;
			};
			name = Release;
		};
		C33B375123F586B800BEB4E7 /* Debug */ = {
			isa = XCBuildConfiguration;
			buildSettings = {
				ASSETCATALOG_COMPILER_APPICON_NAME = AppIcon;
				CODE_SIGN_ENTITLEMENTS = LocalNotification/LocalNotification.entitlements;
				CODE_SIGN_STYLE = Automatic;
				DERIVE_MACCATALYST_PRODUCT_BUNDLE_IDENTIFIER = YES;
				DEVELOPMENT_TEAM = M4946NB5UK;
				INFOPLIST_FILE = LocalNotification/Info.plist;
				LD_RUNPATH_SEARCH_PATHS = (
					"$(inherited)",
					"@executable_path/Frameworks",
				);
				PRODUCT_BUNDLE_IDENTIFIER = softqubes.LocalNotification;
				PRODUCT_NAME = "$(TARGET_NAME)";
				SUPPORTS_MACCATALYST = YES;
				SWIFT_VERSION = 5.0;
				TARGETED_DEVICE_FAMILY = "1,2";
			};
			name = Debug;
		};
		C33B375223F586B800BEB4E7 /* Release */ = {
			isa = XCBuildConfiguration;
			buildSettings = {
				ASSETCATALOG_COMPILER_APPICON_NAME = AppIcon;
				CODE_SIGN_ENTITLEMENTS = LocalNotification/LocalNotification.entitlements;
				CODE_SIGN_STYLE = Automatic;
				DERIVE_MACCATALYST_PRODUCT_BUNDLE_IDENTIFIER = YES;
				DEVELOPMENT_TEAM = M4946NB5UK;
				INFOPLIST_FILE = LocalNotification/Info.plist;
				LD_RUNPATH_SEARCH_PATHS = (
					"$(inherited)",
					"@executable_path/Frameworks",
				);
				PRODUCT_BUNDLE_IDENTIFIER = softqubes.LocalNotification;
				PRODUCT_NAME = "$(TARGET_NAME)";
				SUPPORTS_MACCATALYST = YES;
				SWIFT_VERSION = 5.0;
				TARGETED_DEVICE_FAMILY = "1,2";
			};
			name = Release;
		};
		C33B375423F586B800BEB4E7 /* Debug */ = {
			isa = XCBuildConfiguration;
			buildSettings = {
				ALWAYS_EMBED_SWIFT_STANDARD_LIBRARIES = YES;
				BUNDLE_LOADER = "$(TEST_HOST)";
				CODE_SIGN_STYLE = Automatic;
				DEVELOPMENT_TEAM = M4946NB5UK;
				INFOPLIST_FILE = LocalNotificationTests/Info.plist;
				IPHONEOS_DEPLOYMENT_TARGET = 13.2;
				LD_RUNPATH_SEARCH_PATHS = (
					"$(inherited)",
					"@executable_path/Frameworks",
					"@loader_path/Frameworks",
				);
				PRODUCT_BUNDLE_IDENTIFIER = softqubes.LocalNotificationTests;
				PRODUCT_NAME = "$(TARGET_NAME)";
				SWIFT_VERSION = 5.0;
				TARGETED_DEVICE_FAMILY = "1,2";
				TEST_HOST = "$(BUILT_PRODUCTS_DIR)/LocalNotification.app/LocalNotification";
			};
			name = Debug;
		};
		C33B375523F586B800BEB4E7 /* Release */ = {
			isa = XCBuildConfiguration;
			buildSettings = {
				ALWAYS_EMBED_SWIFT_STANDARD_LIBRARIES = YES;
				BUNDLE_LOADER = "$(TEST_HOST)";
				CODE_SIGN_STYLE = Automatic;
				DEVELOPMENT_TEAM = M4946NB5UK;
				INFOPLIST_FILE = LocalNotificationTests/Info.plist;
				IPHONEOS_DEPLOYMENT_TARGET = 13.2;
				LD_RUNPATH_SEARCH_PATHS = (
					"$(inherited)",
					"@executable_path/Frameworks",
					"@loader_path/Frameworks",
				);
				PRODUCT_BUNDLE_IDENTIFIER = softqubes.LocalNotificationTests;
				PRODUCT_NAME = "$(TARGET_NAME)";
				SWIFT_VERSION = 5.0;
				TARGETED_DEVICE_FAMILY = "1,2";
				TEST_HOST = "$(BUILT_PRODUCTS_DIR)/LocalNotification.app/LocalNotification";
			};
			name = Release;
		};
/* End XCBuildConfiguration section */

/* Begin XCConfigurationList section */
		C33B372C23F5869B00BEB4E7 /* Build configuration list for PBXProject "LocalNotification" */ = {
			isa = XCConfigurationList;
			buildConfigurations = (
				C33B374E23F586B800BEB4E7 /* Debug */,
				C33B374F23F586B800BEB4E7 /* Release */,
			);
			defaultConfigurationIsVisible = 0;
			defaultConfigurationName = Release;
		};
		C33B375023F586B800BEB4E7 /* Build configuration list for PBXNativeTarget "LocalNotification" */ = {
			isa = XCConfigurationList;
			buildConfigurations = (
				C33B375123F586B800BEB4E7 /* Debug */,
				C33B375223F586B800BEB4E7 /* Release */,
			);
			defaultConfigurationIsVisible = 0;
			defaultConfigurationName = Release;
		};
		C33B375323F586B800BEB4E7 /* Build configuration list for PBXNativeTarget "LocalNotificationTests" */ = {
			isa = XCConfigurationList;
			buildConfigurations = (
				C33B375423F586B800BEB4E7 /* Debug */,
				C33B375523F586B800BEB4E7 /* Release */,
			);
			defaultConfigurationIsVisible = 0;
			defaultConfigurationName = Release;
		};
/* End XCConfigurationList section */
	};
	rootObject = C33B372923F5869B00BEB4E7 /* Project object */;
}
